// !$*UTF8*$!
{
	archiveVersion = 1;
	classes = {
	};
	objectVersion = 50;
	objects = {

/* Begin PBXBuildFile section */
		92FFFFD92584B03B005ADC80 /* Tests_iOS.swift in Sources */ = {isa = PBXBuildFile; fileRef = 92FFFFD82584B03B005ADC80 /* Tests_iOS.swift */; };
		92FFFFE42584B03B005ADC80 /* Tests_macOS.swift in Sources */ = {isa = PBXBuildFile; fileRef = 92FFFFE32584B03B005ADC80 /* Tests_macOS.swift */; };
		92FFFFE62584B03B005ADC80 /* TVRenamerMacApp.swift in Sources */ = {isa = PBXBuildFile; fileRef = 92FFFFBD2584B03A005ADC80 /* TVRenamerMacApp.swift */; };
		92FFFFE72584B03B005ADC80 /* TVRenamerMacApp.swift in Sources */ = {isa = PBXBuildFile; fileRef = 92FFFFBD2584B03A005ADC80 /* TVRenamerMacApp.swift */; };
		92FFFFE82584B03B005ADC80 /* ContentView.swift in Sources */ = {isa = PBXBuildFile; fileRef = 92FFFFBE2584B03A005ADC80 /* ContentView.swift */; };
		92FFFFE92584B03B005ADC80 /* ContentView.swift in Sources */ = {isa = PBXBuildFile; fileRef = 92FFFFBE2584B03A005ADC80 /* ContentView.swift */; };
		92FFFFEA2584B03B005ADC80 /* Assets.xcassets in Resources */ = {isa = PBXBuildFile; fileRef = 92FFFFBF2584B03B005ADC80 /* Assets.xcassets */; };
		92FFFFEB2584B03B005ADC80 /* Assets.xcassets in Resources */ = {isa = PBXBuildFile; fileRef = 92FFFFBF2584B03B005ADC80 /* Assets.xcassets */; };
/* End PBXBuildFile section */

/* Begin PBXContainerItemProxy section */
		92FFFFD52584B03B005ADC80 /* PBXContainerItemProxy */ = {
			isa = PBXContainerItemProxy;
			containerPortal = 92FFFFB82584B03A005ADC80 /* Project object */;
			proxyType = 1;
			remoteGlobalIDString = 92FFFFC32584B03B005ADC80;
			remoteInfo = "TVRenamerMac (iOS)";
		};
		92FFFFE02584B03B005ADC80 /* PBXContainerItemProxy */ = {
			isa = PBXContainerItemProxy;
			containerPortal = 92FFFFB82584B03A005ADC80 /* Project object */;
			proxyType = 1;
			remoteGlobalIDString = 92FFFFCB2584B03B005ADC80;
			remoteInfo = "TVRenamerMac (macOS)";
		};
/* End PBXContainerItemProxy section */

/* Begin PBXFileReference section */
		92FFFFBD2584B03A005ADC80 /* TVRenamerMacApp.swift */ = {isa = PBXFileReference; lastKnownFileType = sourcecode.swift; path = TVRenamerMacApp.swift; sourceTree = "<group>"; };
		92FFFFBE2584B03A005ADC80 /* ContentView.swift */ = {isa = PBXFileReference; lastKnownFileType = sourcecode.swift; path = ContentView.swift; sourceTree = "<group>"; };
		92FFFFBF2584B03B005ADC80 /* Assets.xcassets */ = {isa = PBXFileReference; lastKnownFileType = folder.assetcatalog; path = Assets.xcassets; sourceTree = "<group>"; };
		92FFFFC42584B03B005ADC80 /* TVRenamerMac.app */ = {isa = PBXFileReference; explicitFileType = wrapper.application; includeInIndex = 0; path = TVRenamerMac.app; sourceTree = BUILT_PRODUCTS_DIR; };
		92FFFFC72584B03B005ADC80 /* Info.plist */ = {isa = PBXFileReference; lastKnownFileType = text.plist.xml; path = Info.plist; sourceTree = "<group>"; };
		92FFFFCC2584B03B005ADC80 /* TVRenamerMac.app */ = {isa = PBXFileReference; explicitFileType = wrapper.application; includeInIndex = 0; path = TVRenamerMac.app; sourceTree = BUILT_PRODUCTS_DIR; };
		92FFFFCE2584B03B005ADC80 /* Info.plist */ = {isa = PBXFileReference; lastKnownFileType = text.plist.xml; path = Info.plist; sourceTree = "<group>"; };
		92FFFFCF2584B03B005ADC80 /* macOS.entitlements */ = {isa = PBXFileReference; lastKnownFileType = text.plist.entitlements; path = macOS.entitlements; sourceTree = "<group>"; };
		92FFFFD42584B03B005ADC80 /* Tests iOS.xctest */ = {isa = PBXFileReference; explicitFileType = wrapper.cfbundle; includeInIndex = 0; path = "Tests iOS.xctest"; sourceTree = BUILT_PRODUCTS_DIR; };
		92FFFFD82584B03B005ADC80 /* Tests_iOS.swift */ = {isa = PBXFileReference; lastKnownFileType = sourcecode.swift; path = Tests_iOS.swift; sourceTree = "<group>"; };
		92FFFFDA2584B03B005ADC80 /* Info.plist */ = {isa = PBXFileReference; lastKnownFileType = text.plist.xml; path = Info.plist; sourceTree = "<group>"; };
		92FFFFDF2584B03B005ADC80 /* Tests macOS.xctest */ = {isa = PBXFileReference; explicitFileType = wrapper.cfbundle; includeInIndex = 0; path = "Tests macOS.xctest"; sourceTree = BUILT_PRODUCTS_DIR; };
		92FFFFE32584B03B005ADC80 /* Tests_macOS.swift */ = {isa = PBXFileReference; lastKnownFileType = sourcecode.swift; path = Tests_macOS.swift; sourceTree = "<group>"; };
		92FFFFE52584B03B005ADC80 /* Info.plist */ = {isa = PBXFileReference; lastKnownFileType = text.plist.xml; path = Info.plist; sourceTree = "<group>"; };
/* End PBXFileReference section */

/* Begin PBXFrameworksBuildPhase section */
		92FFFFC12584B03B005ADC80 /* Frameworks */ = {
			isa = PBXFrameworksBuildPhase;
			buildActionMask = 2147483647;
			files = (
			);
			runOnlyForDeploymentPostprocessing = 0;
		};
		92FFFFC92584B03B005ADC80 /* Frameworks */ = {
			isa = PBXFrameworksBuildPhase;
			buildActionMask = 2147483647;
			files = (
			);
			runOnlyForDeploymentPostprocessing = 0;
		};
		92FFFFD12584B03B005ADC80 /* Frameworks */ = {
			isa = PBXFrameworksBuildPhase;
			buildActionMask = 2147483647;
			files = (
			);
			runOnlyForDeploymentPostprocessing = 0;
		};
		92FFFFDC2584B03B005ADC80 /* Frameworks */ = {
			isa = PBXFrameworksBuildPhase;
			buildActionMask = 2147483647;
			files = (
			);
			runOnlyForDeploymentPostprocessing = 0;
		};
/* End PBXFrameworksBuildPhase section */

/* Begin PBXGroup section */
		92FFFFB72584B03A005ADC80 = {
			isa = PBXGroup;
			children = (
				92FFFFBC2584B03A005ADC80 /* Shared */,
				92FFFFC62584B03B005ADC80 /* iOS */,
				92FFFFCD2584B03B005ADC80 /* macOS */,
				92FFFFD72584B03B005ADC80 /* Tests iOS */,
				92FFFFE22584B03B005ADC80 /* Tests macOS */,
				92FFFFC52584B03B005ADC80 /* Products */,
			);
			sourceTree = "<group>";
		};
		92FFFFBC2584B03A005ADC80 /* Shared */ = {
			isa = PBXGroup;
			children = (
				92FFFFBD2584B03A005ADC80 /* TVRenamerMacApp.swift */,
				92FFFFBE2584B03A005ADC80 /* ContentView.swift */,
				92FFFFBF2584B03B005ADC80 /* Assets.xcassets */,
			);
			path = Shared;
			sourceTree = "<group>";
		};
		92FFFFC52584B03B005ADC80 /* Products */ = {
			isa = PBXGroup;
			children = (
				92FFFFC42584B03B005ADC80 /* TVRenamerMac.app */,
				92FFFFCC2584B03B005ADC80 /* TVRenamerMac.app */,
				92FFFFD42584B03B005ADC80 /* Tests iOS.xctest */,
				92FFFFDF2584B03B005ADC80 /* Tests macOS.xctest */,
			);
			name = Products;
			sourceTree = "<group>";
		};
		92FFFFC62584B03B005ADC80 /* iOS */ = {
			isa = PBXGroup;
			children = (
				92FFFFC72584B03B005ADC80 /* Info.plist */,
			);
			path = iOS;
			sourceTree = "<group>";
		};
		92FFFFCD2584B03B005ADC80 /* macOS */ = {
			isa = PBXGroup;
			children = (
				92FFFFCE2584B03B005ADC80 /* Info.plist */,
				92FFFFCF2584B03B005ADC80 /* macOS.entitlements */,
			);
			path = macOS;
			sourceTree = "<group>";
		};
		92FFFFD72584B03B005ADC80 /* Tests iOS */ = {
			isa = PBXGroup;
			children = (
				92FFFFD82584B03B005ADC80 /* Tests_iOS.swift */,
				92FFFFDA2584B03B005ADC80 /* Info.plist */,
			);
			path = "Tests iOS";
			sourceTree = "<group>";
		};
		92FFFFE22584B03B005ADC80 /* Tests macOS */ = {
			isa = PBXGroup;
			children = (
				92FFFFE32584B03B005ADC80 /* Tests_macOS.swift */,
				92FFFFE52584B03B005ADC80 /* Info.plist */,
			);
			path = "Tests macOS";
			sourceTree = "<group>";
		};
/* End PBXGroup section */

/* Begin PBXNativeTarget section */
		92FFFFC32584B03B005ADC80 /* TVRenamerMac (iOS) */ = {
			isa = PBXNativeTarget;
			buildConfigurationList = 92FFFFEE2584B03B005ADC80 /* Build configuration list for PBXNativeTarget "TVRenamerMac (iOS)" */;
			buildPhases = (
				92FFFFC02584B03B005ADC80 /* Sources */,
				92FFFFC12584B03B005ADC80 /* Frameworks */,
				92FFFFC22584B03B005ADC80 /* Resources */,
			);
			buildRules = (
			);
			dependencies = (
			);
			name = "TVRenamerMac (iOS)";
			productName = "TVRenamerMac (iOS)";
			productReference = 92FFFFC42584B03B005ADC80 /* TVRenamerMac.app */;
			productType = "com.apple.product-type.application";
		};
		92FFFFCB2584B03B005ADC80 /* TVRenamerMac (macOS) */ = {
			isa = PBXNativeTarget;
			buildConfigurationList = 92FFFFF12584B03B005ADC80 /* Build configuration list for PBXNativeTarget "TVRenamerMac (macOS)" */;
			buildPhases = (
				92FFFFC82584B03B005ADC80 /* Sources */,
				92FFFFC92584B03B005ADC80 /* Frameworks */,
				92FFFFCA2584B03B005ADC80 /* Resources */,
			);
			buildRules = (
			);
			dependencies = (
			);
			name = "TVRenamerMac (macOS)";
			productName = "TVRenamerMac (macOS)";
			productReference = 92FFFFCC2584B03B005ADC80 /* TVRenamerMac.app */;
			productType = "com.apple.product-type.application";
		};
		92FFFFD32584B03B005ADC80 /* Tests iOS */ = {
			isa = PBXNativeTarget;
			buildConfigurationList = 92FFFFF42584B03B005ADC80 /* Build configuration list for PBXNativeTarget "Tests iOS" */;
			buildPhases = (
				92FFFFD02584B03B005ADC80 /* Sources */,
				92FFFFD12584B03B005ADC80 /* Frameworks */,
				92FFFFD22584B03B005ADC80 /* Resources */,
			);
			buildRules = (
			);
			dependencies = (
				92FFFFD62584B03B005ADC80 /* PBXTargetDependency */,
			);
			name = "Tests iOS";
			productName = "Tests iOS";
			productReference = 92FFFFD42584B03B005ADC80 /* Tests iOS.xctest */;
			productType = "com.apple.product-type.bundle.ui-testing";
		};
		92FFFFDE2584B03B005ADC80 /* Tests macOS */ = {
			isa = PBXNativeTarget;
			buildConfigurationList = 92FFFFF72584B03B005ADC80 /* Build configuration list for PBXNativeTarget "Tests macOS" */;
			buildPhases = (
				92FFFFDB2584B03B005ADC80 /* Sources */,
				92FFFFDC2584B03B005ADC80 /* Frameworks */,
				92FFFFDD2584B03B005ADC80 /* Resources */,
			);
			buildRules = (
			);
			dependencies = (
				92FFFFE12584B03B005ADC80 /* PBXTargetDependency */,
			);
			name = "Tests macOS";
			productName = "Tests macOS";
			productReference = 92FFFFDF2584B03B005ADC80 /* Tests macOS.xctest */;
			productType = "com.apple.product-type.bundle.ui-testing";
		};
/* End PBXNativeTarget section */

/* Begin PBXProject section */
		92FFFFB82584B03A005ADC80 /* Project object */ = {
			isa = PBXProject;
			attributes = {
				LastSwiftUpdateCheck = 1220;
				LastUpgradeCheck = 1220;
				TargetAttributes = {
					92FFFFC32584B03B005ADC80 = {
						CreatedOnToolsVersion = 12.2;
					};
					92FFFFCB2584B03B005ADC80 = {
						CreatedOnToolsVersion = 12.2;
					};
					92FFFFD32584B03B005ADC80 = {
						CreatedOnToolsVersion = 12.2;
						TestTargetID = 92FFFFC32584B03B005ADC80;
					};
					92FFFFDE2584B03B005ADC80 = {
						CreatedOnToolsVersion = 12.2;
						TestTargetID = 92FFFFCB2584B03B005ADC80;
					};
				};
			};
			buildConfigurationList = 92FFFFBB2584B03A005ADC80 /* Build configuration list for PBXProject "TVRenamerMac" */;
			compatibilityVersion = "Xcode 9.3";
			developmentRegion = en;
			hasScannedForEncodings = 0;
			knownRegions = (
				en,
				Base,
			);
			mainGroup = 92FFFFB72584B03A005ADC80;
			productRefGroup = 92FFFFC52584B03B005ADC80 /* Products */;
			projectDirPath = "";
			projectRoot = "";
			targets = (
				92FFFFC32584B03B005ADC80 /* TVRenamerMac (iOS) */,
				92FFFFCB2584B03B005ADC80 /* TVRenamerMac (macOS) */,
				92FFFFD32584B03B005ADC80 /* Tests iOS */,
				92FFFFDE2584B03B005ADC80 /* Tests macOS */,
			);
		};
/* End PBXProject section */

/* Begin PBXResourcesBuildPhase section */
		92FFFFC22584B03B005ADC80 /* Resources */ = {
			isa = PBXResourcesBuildPhase;
			buildActionMask = 2147483647;
			files = (
				92FFFFEA2584B03B005ADC80 /* Assets.xcassets in Resources */,
			);
			runOnlyForDeploymentPostprocessing = 0;
		};
		92FFFFCA2584B03B005ADC80 /* Resources */ = {
			isa = PBXResourcesBuildPhase;
			buildActionMask = 2147483647;
			files = (
				92FFFFEB2584B03B005ADC80 /* Assets.xcassets in Resources */,
			);
			runOnlyForDeploymentPostprocessing = 0;
		};
		92FFFFD22584B03B005ADC80 /* Resources */ = {
			isa = PBXResourcesBuildPhase;
			buildActionMask = 2147483647;
			files = (
			);
			runOnlyForDeploymentPostprocessing = 0;
		};
		92FFFFDD2584B03B005ADC80 /* Resources */ = {
			isa = PBXResourcesBuildPhase;
			buildActionMask = 2147483647;
			files = (
			);
			runOnlyForDeploymentPostprocessing = 0;
		};
/* End PBXResourcesBuildPhase section */

/* Begin PBXSourcesBuildPhase section */
		92FFFFC02584B03B005ADC80 /* Sources */ = {
			isa = PBXSourcesBuildPhase;
			buildActionMask = 2147483647;
			files = (
				92FFFFE82584B03B005ADC80 /* ContentView.swift in Sources */,
				92FFFFE62584B03B005ADC80 /* TVRenamerMacApp.swift in Sources */,
			);
			runOnlyForDeploymentPostprocessing = 0;
		};
		92FFFFC82584B03B005ADC80 /* Sources */ = {
			isa = PBXSourcesBuildPhase;
			buildActionMask = 2147483647;
			files = (
				92FFFFE92584B03B005ADC80 /* ContentView.swift in Sources */,
				92FFFFE72584B03B005ADC80 /* TVRenamerMacApp.swift in Sources */,
			);
			runOnlyForDeploymentPostprocessing = 0;
		};
		92FFFFD02584B03B005ADC80 /* Sources */ = {
			isa = PBXSourcesBuildPhase;
			buildActionMask = 2147483647;
			files = (
				92FFFFD92584B03B005ADC80 /* Tests_iOS.swift in Sources */,
			);
			runOnlyForDeploymentPostprocessing = 0;
		};
		92FFFFDB2584B03B005ADC80 /* Sources */ = {
			isa = PBXSourcesBuildPhase;
			buildActionMask = 2147483647;
			files = (
				92FFFFE42584B03B005ADC80 /* Tests_macOS.swift in Sources */,
			);
			runOnlyForDeploymentPostprocessing = 0;
		};
/* End PBXSourcesBuildPhase section */

/* Begin PBXTargetDependency section */
		92FFFFD62584B03B005ADC80 /* PBXTargetDependency */ = {
			isa = PBXTargetDependency;
			target = 92FFFFC32584B03B005ADC80 /* TVRenamerMac (iOS) */;
			targetProxy = 92FFFFD52584B03B005ADC80 /* PBXContainerItemProxy */;
		};
		92FFFFE12584B03B005ADC80 /* PBXTargetDependency */ = {
			isa = PBXTargetDependency;
			target = 92FFFFCB2584B03B005ADC80 /* TVRenamerMac (macOS) */;
			targetProxy = 92FFFFE02584B03B005ADC80 /* PBXContainerItemProxy */;
		};
/* End PBXTargetDependency section */

/* Begin XCBuildConfiguration section */
		92FFFFEC2584B03B005ADC80 /* Debug */ = {
			isa = XCBuildConfiguration;
			buildSettings = {
				ALWAYS_SEARCH_USER_PATHS = NO;
				CLANG_ANALYZER_NONNULL = YES;
				CLANG_ANALYZER_NUMBER_OBJECT_CONVERSION = YES_AGGRESSIVE;
				CLANG_CXX_LANGUAGE_STANDARD = "gnu++14";
				CLANG_CXX_LIBRARY = "libc++";
				CLANG_ENABLE_MODULES = YES;
				CLANG_ENABLE_OBJC_ARC = YES;
				CLANG_ENABLE_OBJC_WEAK = YES;
				CLANG_WARN_BLOCK_CAPTURE_AUTORELEASING = YES;
				CLANG_WARN_BOOL_CONVERSION = YES;
				CLANG_WARN_COMMA = YES;
				CLANG_WARN_CONSTANT_CONVERSION = YES;
				CLANG_WARN_DEPRECATED_OBJC_IMPLEMENTATIONS = YES;
				CLANG_WARN_DIRECT_OBJC_ISA_USAGE = YES_ERROR;
				CLANG_WARN_DOCUMENTATION_COMMENTS = YES;
				CLANG_WARN_EMPTY_BODY = YES;
				CLANG_WARN_ENUM_CONVERSION = YES;
				CLANG_WARN_INFINITE_RECURSION = YES;
				CLANG_WARN_INT_CONVERSION = YES;
				CLANG_WARN_NON_LITERAL_NULL_CONVERSION = YES;
				CLANG_WARN_OBJC_IMPLICIT_RETAIN_SELF = YES;
				CLANG_WARN_OBJC_LITERAL_CONVERSION = YES;
				CLANG_WARN_OBJC_ROOT_CLASS = YES_ERROR;
				CLANG_WARN_QUOTED_INCLUDE_IN_FRAMEWORK_HEADER = YES;
				CLANG_WARN_RANGE_LOOP_ANALYSIS = YES;
				CLANG_WARN_STRICT_PROTOTYPES = YES;
				CLANG_WARN_SUSPICIOUS_MOVE = YES;
				CLANG_WARN_UNGUARDED_AVAILABILITY = YES_AGGRESSIVE;
				CLANG_WARN_UNREACHABLE_CODE = YES;
				CLANG_WARN__DUPLICATE_METHOD_MATCH = YES;
				COPY_PHASE_STRIP = NO;
				DEBUG_INFORMATION_FORMAT = dwarf;
				ENABLE_STRICT_OBJC_MSGSEND = YES;
				ENABLE_TESTABILITY = YES;
				GCC_C_LANGUAGE_STANDARD = gnu11;
				GCC_DYNAMIC_NO_PIC = NO;
				GCC_NO_COMMON_BLOCKS = YES;
				GCC_OPTIMIZATION_LEVEL = 0;
				GCC_PREPROCESSOR_DEFINITIONS = (
					"DEBUG=1",
					"$(inherited)",
				);
				GCC_WARN_64_TO_32_BIT_CONVERSION = YES;
				GCC_WARN_ABOUT_RETURN_TYPE = YES_ERROR;
				GCC_WARN_UNDECLARED_SELECTOR = YES;
				GCC_WARN_UNINITIALIZED_AUTOS = YES_AGGRESSIVE;
				GCC_WARN_UNUSED_FUNCTION = YES;
				GCC_WARN_UNUSED_VARIABLE = YES;
				MTL_ENABLE_DEBUG_INFO = INCLUDE_SOURCE;
				MTL_FAST_MATH = YES;
				ONLY_ACTIVE_ARCH = YES;
				SWIFT_ACTIVE_COMPILATION_CONDITIONS = DEBUG;
				SWIFT_OPTIMIZATION_LEVEL = "-Onone";
			};
			name = Debug;
		};
		92FFFFED2584B03B005ADC80 /* Release */ = {
			isa = XCBuildConfiguration;
			buildSettings = {
				ALWAYS_SEARCH_USER_PATHS = NO;
				CLANG_ANALYZER_NONNULL = YES;
				CLANG_ANALYZER_NUMBER_OBJECT_CONVERSION = YES_AGGRESSIVE;
				CLANG_CXX_LANGUAGE_STANDARD = "gnu++14";
				CLANG_CXX_LIBRARY = "libc++";
				CLANG_ENABLE_MODULES = YES;
				CLANG_ENABLE_OBJC_ARC = YES;
				CLANG_ENABLE_OBJC_WEAK = YES;
				CLANG_WARN_BLOCK_CAPTURE_AUTORELEASING = YES;
				CLANG_WARN_BOOL_CONVERSION = YES;
				CLANG_WARN_COMMA = YES;
				CLANG_WARN_CONSTANT_CONVERSION = YES;
				CLANG_WARN_DEPRECATED_OBJC_IMPLEMENTATIONS = YES;
				CLANG_WARN_DIRECT_OBJC_ISA_USAGE = YES_ERROR;
				CLANG_WARN_DOCUMENTATION_COMMENTS = YES;
				CLANG_WARN_EMPTY_BODY = YES;
				CLANG_WARN_ENUM_CONVERSION = YES;
				CLANG_WARN_INFINITE_RECURSION = YES;
				CLANG_WARN_INT_CONVERSION = YES;
				CLANG_WARN_NON_LITERAL_NULL_CONVERSION = YES;
				CLANG_WARN_OBJC_IMPLICIT_RETAIN_SELF = YES;
				CLANG_WARN_OBJC_LITERAL_CONVERSION = YES;
				CLANG_WARN_OBJC_ROOT_CLASS = YES_ERROR;
				CLANG_WARN_QUOTED_INCLUDE_IN_FRAMEWORK_HEADER = YES;
				CLANG_WARN_RANGE_LOOP_ANALYSIS = YES;
				CLANG_WARN_STRICT_PROTOTYPES = YES;
				CLANG_WARN_SUSPICIOUS_MOVE = YES;
				CLANG_WARN_UNGUARDED_AVAILABILITY = YES_AGGRESSIVE;
				CLANG_WARN_UNREACHABLE_CODE = YES;
				CLANG_WARN__DUPLICATE_METHOD_MATCH = YES;
				COPY_PHASE_STRIP = NO;
				DEBUG_INFORMATION_FORMAT = "dwarf-with-dsym";
				ENABLE_NS_ASSERTIONS = NO;
				ENABLE_STRICT_OBJC_MSGSEND = YES;
				GCC_C_LANGUAGE_STANDARD = gnu11;
				GCC_NO_COMMON_BLOCKS = YES;
				GCC_WARN_64_TO_32_BIT_CONVERSION = YES;
				GCC_WARN_ABOUT_RETURN_TYPE = YES_ERROR;
				GCC_WARN_UNDECLARED_SELECTOR = YES;
				GCC_WARN_UNINITIALIZED_AUTOS = YES_AGGRESSIVE;
				GCC_WARN_UNUSED_FUNCTION = YES;
				GCC_WARN_UNUSED_VARIABLE = YES;
				MTL_ENABLE_DEBUG_INFO = NO;
				MTL_FAST_MATH = YES;
				SWIFT_COMPILATION_MODE = wholemodule;
				SWIFT_OPTIMIZATION_LEVEL = "-O";
			};
			name = Release;
		};
		92FFFFEF2584B03B005ADC80 /* Debug */ = {
			isa = XCBuildConfiguration;
			buildSettings = {
				ASSETCATALOG_COMPILER_APPICON_NAME = AppIcon;
				ASSETCATALOG_COMPILER_GLOBAL_ACCENT_COLOR_NAME = AccentColor;
				CODE_SIGN_STYLE = Automatic;
				DEVELOPMENT_TEAM = TLX7RVSV2G;
				ENABLE_PREVIEWS = YES;
				INFOPLIST_FILE = iOS/Info.plist;
				IPHONEOS_DEPLOYMENT_TARGET = 14.0;
				LD_RUNPATH_SEARCH_PATHS = (
					"$(inherited)",
					"@executable_path/Frameworks",
				);
				PRODUCT_BUNDLE_IDENTIFIER = nz.ac.r.TVRenamerMac;
				PRODUCT_NAME = TVRenamerMac;
				SDKROOT = iphoneos;
				SWIFT_VERSION = 5.0;
				TARGETED_DEVICE_FAMILY = "1,2";
			};
			name = Debug;
		};
		92FFFFF02584B03B005ADC80 /* Release */ = {
			isa = XCBuildConfiguration;
			buildSettings = {
				ASSETCATALOG_COMPILER_APPICON_NAME = AppIcon;
				ASSETCATALOG_COMPILER_GLOBAL_ACCENT_COLOR_NAME = AccentColor;
				CODE_SIGN_STYLE = Automatic;
				DEVELOPMENT_TEAM = TLX7RVSV2G;
				ENABLE_PREVIEWS = YES;
				INFOPLIST_FILE = iOS/Info.plist;
				IPHONEOS_DEPLOYMENT_TARGET = 14.0;
				LD_RUNPATH_SEARCH_PATHS = (
					"$(inherited)",
					"@executable_path/Frameworks",
				);
				PRODUCT_BUNDLE_IDENTIFIER = nz.ac.r.TVRenamerMac;
				PRODUCT_NAME = TVRenamerMac;
				SDKROOT = iphoneos;
				SWIFT_VERSION = 5.0;
				TARGETED_DEVICE_FAMILY = "1,2";
				VALIDATE_PRODUCT = YES;
			};
			name = Release;
		};
		92FFFFF22584B03B005ADC80 /* Debug */ = {
			isa = XCBuildConfiguration;
			buildSettings = {
				ASSETCATALOG_COMPILER_APPICON_NAME = AppIcon;
				ASSETCATALOG_COMPILER_GLOBAL_ACCENT_COLOR_NAME = AccentColor;
				CODE_SIGN_ENTITLEMENTS = macOS/macOS.entitlements;
				CODE_SIGN_STYLE = Automatic;
				COMBINE_HIDPI_IMAGES = YES;
				DEVELOPMENT_TEAM = TLX7RVSV2G;
				ENABLE_HARDENED_RUNTIME = YES;
				ENABLE_PREVIEWS = YES;
				INFOPLIST_FILE = macOS/Info.plist;
				LD_RUNPATH_SEARCH_PATHS = (
					"$(inherited)",
					"@executable_path/../Frameworks",
				);
				MACOSX_DEPLOYMENT_TARGET = 11.0;
				PRODUCT_BUNDLE_IDENTIFIER = nz.ac.r.TVRenamerMac;
				PRODUCT_NAME = TVRenamerMac;
				SDKROOT = macosx;
				SWIFT_VERSION = 5.0;
			};
			name = Debug;
		};
		92FFFFF32584B03B005ADC80 /* Release */ = {
			isa = XCBuildConfiguration;
			buildSettings = {
				ASSETCATALOG_COMPILER_APPICON_NAME = AppIcon;
				ASSETCATALOG_COMPILER_GLOBAL_ACCENT_COLOR_NAME = AccentColor;
				CODE_SIGN_ENTITLEMENTS = macOS/macOS.entitlements;
				CODE_SIGN_STYLE = Automatic;
				COMBINE_HIDPI_IMAGES = YES;
				DEVELOPMENT_TEAM = TLX7RVSV2G;
				ENABLE_HARDENED_RUNTIME = YES;
				ENABLE_PREVIEWS = YES;
				INFOPLIST_FILE = macOS/Info.plist;
				LD_RUNPATH_SEARCH_PATHS = (
					"$(inherited)",
					"@executable_path/../Frameworks",
				);
				MACOSX_DEPLOYMENT_TARGET = 11.0;
				PRODUCT_BUNDLE_IDENTIFIER = nz.ac.r.TVRenamerMac;
				PRODUCT_NAME = TVRenamerMac;
				SDKROOT = macosx;
				SWIFT_VERSION = 5.0;
			};
			name = Release;
		};
		92FFFFF52584B03B005ADC80 /* Debug */ = {
			isa = XCBuildConfiguration;
			buildSettings = {
				ALWAYS_EMBED_SWIFT_STANDARD_LIBRARIES = YES;
				CODE_SIGN_STYLE = Automatic;
				DEVELOPMENT_TEAM = TLX7RVSV2G;
				INFOPLIST_FILE = "Tests iOS/Info.plist";
				IPHONEOS_DEPLOYMENT_TARGET = 14.2;
				LD_RUNPATH_SEARCH_PATHS = (
					"$(inherited)",
					"@executable_path/Frameworks",
					"@loader_path/Frameworks",
				);
				PRODUCT_BUNDLE_IDENTIFIER = "nz.ac.r.Tests-iOS";
				PRODUCT_NAME = "$(TARGET_NAME)";
				SDKROOT = iphoneos;
				SWIFT_VERSION = 5.0;
				TARGETED_DEVICE_FAMILY = "1,2";
				TEST_TARGET_NAME = "TVRenamerMac (iOS)";
			};
			name = Debug;
		};
		92FFFFF62584B03B005ADC80 /* Release */ = {
			isa = XCBuildConfiguration;
			buildSettings = {
				ALWAYS_EMBED_SWIFT_STANDARD_LIBRARIES = YES;
				CODE_SIGN_STYLE = Automatic;
				DEVELOPMENT_TEAM = TLX7RVSV2G;
				INFOPLIST_FILE = "Tests iOS/Info.plist";
				IPHONEOS_DEPLOYMENT_TARGET = 14.2;
				LD_RUNPATH_SEARCH_PATHS = (
					"$(inherited)",
					"@executable_path/Frameworks",
					"@loader_path/Frameworks",
				);
				PRODUCT_BUNDLE_IDENTIFIER = "nz.ac.r.Tests-iOS";
				PRODUCT_NAME = "$(TARGET_NAME)";
				SDKROOT = iphoneos;
				SWIFT_VERSION = 5.0;
				TARGETED_DEVICE_FAMILY = "1,2";
				TEST_TARGET_NAME = "TVRenamerMac (iOS)";
				VALIDATE_PRODUCT = YES;
			};
			name = Release;
		};
		92FFFFF82584B03B005ADC80 /* Debug */ = {
			isa = XCBuildConfiguration;
			buildSettings = {
				ALWAYS_EMBED_SWIFT_STANDARD_LIBRARIES = YES;
				CODE_SIGN_STYLE = Automatic;
				COMBINE_HIDPI_IMAGES = YES;
				DEVELOPMENT_TEAM = TLX7RVSV2G;
				INFOPLIST_FILE = "Tests macOS/Info.plist";
				LD_RUNPATH_SEARCH_PATHS = (
					"$(inherited)",
					"@executable_path/../Frameworks",
					"@loader_path/../Frameworks",
				);
				MACOSX_DEPLOYMENT_TARGET = 11.0;
				PRODUCT_BUNDLE_IDENTIFIER = "nz.ac.r.Tests-macOS";
				PRODUCT_NAME = "$(TARGET_NAME)";
				SDKROOT = macosx;
				SWIFT_VERSION = 5.0;
				TEST_TARGET_NAME = "TVRenamerMac (macOS)";
			};
			name = Debug;
		};
		92FFFFF92584B03B005ADC80 /* Release */ = {
			isa = XCBuildConfiguration;
			buildSettings = {
				ALWAYS_EMBED_SWIFT_STANDARD_LIBRARIES = YES;
				CODE_SIGN_STYLE = Automatic;
				COMBINE_HIDPI_IMAGES = YES;
				DEVELOPMENT_TEAM = TLX7RVSV2G;
				INFOPLIST_FILE = "Tests macOS/Info.plist";
				LD_RUNPATH_SEARCH_PATHS = (
					"$(inherited)",
					"@executable_path/../Frameworks",
					"@loader_path/../Frameworks",
				);
				MACOSX_DEPLOYMENT_TARGET = 11.0;
				PRODUCT_BUNDLE_IDENTIFIER = "nz.ac.r.Tests-macOS";
				PRODUCT_NAME = "$(TARGET_NAME)";
				SDKROOT = macosx;
				SWIFT_VERSION = 5.0;
				TEST_TARGET_NAME = "TVRenamerMac (macOS)";
			};
			name = Release;
		};
/* End XCBuildConfiguration section */

/* Begin XCConfigurationList section */
		92FFFFBB2584B03A005ADC80 /* Build configuration list for PBXProject "TVRenamerMac" */ = {
			isa = XCConfigurationList;
			buildConfigurations = (
				92FFFFEC2584B03B005ADC80 /* Debug */,
				92FFFFED2584B03B005ADC80 /* Release */,
			);
			defaultConfigurationIsVisible = 0;
			defaultConfigurationName = Release;
		};
		92FFFFEE2584B03B005ADC80 /* Build configuration list for PBXNativeTarget "TVRenamerMac (iOS)" */ = {
			isa = XCConfigurationList;
			buildConfigurations = (
				92FFFFEF2584B03B005ADC80 /* Debug */,
				92FFFFF02584B03B005ADC80 /* Release */,
			);
			defaultConfigurationIsVisible = 0;
			defaultConfigurationName = Release;
		};
		92FFFFF12584B03B005ADC80 /* Build configuration list for PBXNativeTarget "TVRenamerMac (macOS)" */ = {
			isa = XCConfigurationList;
			buildConfigurations = (
				92FFFFF22584B03B005ADC80 /* Debug */,
				92FFFFF32584B03B005ADC80 /* Release */,
			);
			defaultConfigurationIsVisible = 0;
			defaultConfigurationName = Release;
		};
		92FFFFF42584B03B005ADC80 /* Build configuration list for PBXNativeTarget "Tests iOS" */ = {
			isa = XCConfigurationList;
			buildConfigurations = (
				92FFFFF52584B03B005ADC80 /* Debug */,
				92FFFFF62584B03B005ADC80 /* Release */,
			);
			defaultConfigurationIsVisible = 0;
			defaultConfigurationName = Release;
		};
		92FFFFF72584B03B005ADC80 /* Build configuration list for PBXNativeTarget "Tests macOS" */ = {
			isa = XCConfigurationList;
			buildConfigurations = (
				92FFFFF82584B03B005ADC80 /* Debug */,
				92FFFFF92584B03B005ADC80 /* Release */,
			);
			defaultConfigurationIsVisible = 0;
			defaultConfigurationName = Release;
		};
/* End XCConfigurationList section */
	};
	rootObject = 92FFFFB82584B03A005ADC80 /* Project object */;
}
